
Microsoft Visual Studio Solution File, Format Version 12.00
# Visual Studio Version 17
VisualStudioVersion = 17.6.33723.286
MinimumVisualStudioVersion = 10.0.40219.1
Project("{9A19103F-16F7-4668-BE54-9A1E7A4F7556}") = "WeatherNET.App", "WeatherNET.App\WeatherNET.App.csproj", "{975344B3-B3C3-41FB-9014-BCDAF2AE62DD}"
EndProject
Project("{9A19103F-16F7-4668-BE54-9A1E7A4F7556}") = "WeatherNET.Models", "WeatherNET.Models\WeatherNET.Models.csproj", "{66709A77-2BB1-44C4-8DFC-812D27B4241B}"
EndProject
Project("{9A19103F-16F7-4668-BE54-9A1E7A4F7556}") = "WeatherNET.Services", "WeatherNET.Services\WeatherNET.Services.csproj", "{8C2F1A6D-D414-4F64-B926-2AFD94DB587B}"
EndProject
Project("{FAE04EC0-301F-11D3-BF4B-00C04F79EFBC}") = "WeatherNET.Infrastructure", "WeatherNET.Infrastructure\WeatherNET.Infrastructure.csproj", "{5AF46CA8-5767-4BCE-B1BD-DE85579DC4FD}"
EndProject
Global
	GlobalSection(SolutionConfigurationPlatforms) = preSolution
		Debug|Any CPU = Debug|Any CPU
		Release|Any CPU = Release|Any CPU
	EndGlobalSection
	GlobalSection(ProjectConfigurationPlatforms) = postSolution
		{975344B3-B3C3-41FB-9014-BCDAF2AE62DD}.Debug|Any CPU.ActiveCfg = Debug|Any CPU
		{975344B3-B3C3-41FB-9014-BCDAF2AE62DD}.Debug|Any CPU.Build.0 = Debug|Any CPU
		{975344B3-B3C3-41FB-9014-BCDAF2AE62DD}.Release|Any CPU.ActiveCfg = Release|Any CPU
		{975344B3-B3C3-41FB-9014-BCDAF2AE62DD}.Release|Any CPU.Build.0 = Release|Any CPU
		{66709A77-2BB1-44C4-8DFC-812D27B4241B}.Debug|Any CPU.ActiveCfg = Debug|Any CPU
		{66709A77-2BB1-44C4-8DFC-812D27B4241B}.Debug|Any CPU.Build.0 = Debug|Any CPU
		{66709A77-2BB1-44C4-8DFC-812D27B4241B}.Release|Any CPU.ActiveCfg = Release|Any CPU
		{66709A77-2BB1-44C4-8DFC-812D27B4241B}.Release|Any CPU.Build.0 = Release|Any CPU
		{8C2F1A6D-D414-4F64-B926-2AFD94DB587B}.Debug|Any CPU.ActiveCfg = Debug|Any CPU
		{8C2F1A6D-D414-4F64-B926-2AFD94DB587B}.Debug|Any CPU.Build.0 = Debug|Any CPU
		{8C2F1A6D-D414-4F64-B926-2AFD94DB587B}.Release|Any CPU.ActiveCfg = Release|Any CPU
		{8C2F1A6D-D414-4F64-B926-2AFD94DB587B}.Release|Any CPU.Build.0 = Release|Any CPU
		{5AF46CA8-5767-4BCE-B1BD-DE85579DC4FD}.Debug|Any CPU.ActiveCfg = Debug|Any CPU
		{5AF46CA8-5767-4BCE-B1BD-DE85579DC4FD}.Debug|Any CPU.Build.0 = Debug|Any CPU
		{5AF46CA8-5767-4BCE-B1BD-DE85579DC4FD}.Release|Any CPU.ActiveCfg = Release|Any CPU
		{5AF46CA8-5767-4BCE-B1BD-DE85579DC4FD}.Release|Any CPU.Build.0 = Release|Any CPU
	EndGlobalSection
	GlobalSection(SolutionProperties) = preSolution
		HideSolutionNode = FALSE
	EndGlobalSection
	GlobalSection(ExtensibilityGlobals) = postSolution
		SolutionGuid = {97F34B38-9D45-498F-A0D4-EA183CCE98C8}
	EndGlobalSection
EndGlobal
